
Microsoft Visual Studio Solution File, Format Version 12.00
# Visual Studio Version 17
VisualStudioVersion = 17.4.33205.214
MinimumVisualStudioVersion = 10.0.40219.1
Project("{FAE04EC0-301F-11D3-BF4B-00C04F79EFBC}") = "Ders Ev", "Ders Ev.csproj", "{FF3B9D02-04C9-4E19-8965-3462CC16E7C5}"
EndProject
Global
	GlobalSection(SolutionConfigurationPlatforms) = preSolution
		Debug|Any CPU = Debug|Any CPU
		Release|Any CPU = Release|Any CPU
	EndGlobalSection
	GlobalSection(ProjectConfigurationPlatforms) = postSolution
		{FF3B9D02-04C9-4E19-8965-3462CC16E7C5}.Debug|Any CPU.ActiveCfg = Debug|Any CPU
		{FF3B9D02-04C9-4E19-8965-3462CC16E7C5}.Debug|Any CPU.Build.0 = Debug|Any CPU
		{FF3B9D02-04C9-4E19-8965-3462CC16E7C5}.Release|Any CPU.ActiveCfg = Release|Any CPU
		{FF3B9D02-04C9-4E19-8965-3462CC16E7C5}.Release|Any CPU.Build.0 = Release|Any CPU
	EndGlobalSection
	GlobalSection(SolutionProperties) = preSolution
		HideSolutionNode = FALSE
	EndGlobalSection
	GlobalSection(ExtensibilityGlobals) = postSolution
		SolutionGuid = {97EF7266-79AC-4796-9FD4-9141F050433A}
	EndGlobalSection
EndGlobal
